
Microsoft Visual Studio Solution File, Format Version 12.00
# Visual Studio Version 16
VisualStudioVersion = 16.0.30413.136
MinimumVisualStudioVersion = 10.0.40219.1
Project("{9A19103F-16F7-4668-BE54-9A1E7A4F7556}") = "WebStore.UI", "WebStore.UI\WebStore.UI.csproj", "{8CB81ED6-9E6B-4888-8FD3-513FD26481D2}"
	ProjectSection(ProjectDependencies) = postProject
		{6D1AA779-E1BF-4162-B43C-18075179D54B} = {6D1AA779-E1BF-4162-B43C-18075179D54B}
	EndProjectSection
EndProject
Project("{9A19103F-16F7-4668-BE54-9A1E7A4F7556}") = "WebStore.Domain", "WebStore.Domain\WebStore.Domain.csproj", "{28E2FAC6-8CB4-4FC5-8DC6-D5D0D4DF9B82}"
EndProject
Project("{9A19103F-16F7-4668-BE54-9A1E7A4F7556}") = "WebStore.Application", "WebStore.Application\WebStore.Application.csproj", "{6D1AA779-E1BF-4162-B43C-18075179D54B}"
EndProject
Project("{9A19103F-16F7-4668-BE54-9A1E7A4F7556}") = "WebStore.Database", "WebStore.Database\WebStore.Database.csproj", "{A08F7939-CD44-4A02-863D-0CADEE6951A3}"
EndProject
Global
	GlobalSection(SolutionConfigurationPlatforms) = preSolution
		Debug|Any CPU = Debug|Any CPU
		Release|Any CPU = Release|Any CPU
	EndGlobalSection
	GlobalSection(ProjectConfigurationPlatforms) = postSolution
		{8CB81ED6-9E6B-4888-8FD3-513FD26481D2}.Debug|Any CPU.ActiveCfg = Debug|Any CPU
		{8CB81ED6-9E6B-4888-8FD3-513FD26481D2}.Debug|Any CPU.Build.0 = Debug|Any CPU
		{8CB81ED6-9E6B-4888-8FD3-513FD26481D2}.Release|Any CPU.ActiveCfg = Release|Any CPU
		{8CB81ED6-9E6B-4888-8FD3-513FD26481D2}.Release|Any CPU.Build.0 = Release|Any CPU
		{28E2FAC6-8CB4-4FC5-8DC6-D5D0D4DF9B82}.Debug|Any CPU.ActiveCfg = Debug|Any CPU
		{28E2FAC6-8CB4-4FC5-8DC6-D5D0D4DF9B82}.Debug|Any CPU.Build.0 = Debug|Any CPU
		{28E2FAC6-8CB4-4FC5-8DC6-D5D0D4DF9B82}.Release|Any CPU.ActiveCfg = Release|Any CPU
		{28E2FAC6-8CB4-4FC5-8DC6-D5D0D4DF9B82}.Release|Any CPU.Build.0 = Release|Any CPU
		{6D1AA779-E1BF-4162-B43C-18075179D54B}.Debug|Any CPU.ActiveCfg = Debug|Any CPU
		{6D1AA779-E1BF-4162-B43C-18075179D54B}.Debug|Any CPU.Build.0 = Debug|Any CPU
		{6D1AA779-E1BF-4162-B43C-18075179D54B}.Release|Any CPU.ActiveCfg = Release|Any CPU
		{6D1AA779-E1BF-4162-B43C-18075179D54B}.Release|Any CPU.Build.0 = Release|Any CPU
		{A08F7939-CD44-4A02-863D-0CADEE6951A3}.Debug|Any CPU.ActiveCfg = Debug|Any CPU
		{A08F7939-CD44-4A02-863D-0CADEE6951A3}.Debug|Any CPU.Build.0 = Debug|Any CPU
		{A08F7939-CD44-4A02-863D-0CADEE6951A3}.Release|Any CPU.ActiveCfg = Release|Any CPU
		{A08F7939-CD44-4A02-863D-0CADEE6951A3}.Release|Any CPU.Build.0 = Release|Any CPU
	EndGlobalSection
	GlobalSection(SolutionProperties) = preSolution
		HideSolutionNode = FALSE
	EndGlobalSection
	GlobalSection(ExtensibilityGlobals) = postSolution
		SolutionGuid = {3ADB2C94-A529-4223-9789-D66845EB974C}
	EndGlobalSection
EndGlobal
